
Microsoft Visual Studio Solution File, Format Version 12.00
# Visual Studio Version 17
VisualStudioVersion = 17.0.32014.148
MinimumVisualStudioVersion = 10.0.40219.1
Project("{9A19103F-16F7-4668-BE54-9A1E7A4F7556}") = "BooksRazor", "BooksRazor\BooksRazor.csproj", "{BD3E5366-ED45-43D0-8DA5-F98906715A8E}"
EndProject
Global
	GlobalSection(SolutionConfigurationPlatforms) = preSolution
		Debug|Any CPU = Debug|Any CPU
		Release|Any CPU = Release|Any CPU
	EndGlobalSection
	GlobalSection(ProjectConfigurationPlatforms) = postSolution
		{BD3E5366-ED45-43D0-8DA5-F98906715A8E}.Debug|Any CPU.ActiveCfg = Debug|Any CPU
		{BD3E5366-ED45-43D0-8DA5-F98906715A8E}.Debug|Any CPU.Build.0 = Debug|Any CPU
		{BD3E5366-ED45-43D0-8DA5-F98906715A8E}.Release|Any CPU.ActiveCfg = Release|Any CPU
		{BD3E5366-ED45-43D0-8DA5-F98906715A8E}.Release|Any CPU.Build.0 = Release|Any CPU
	EndGlobalSection
	GlobalSection(SolutionProperties) = preSolution
		HideSolutionNode = FALSE
	EndGlobalSection
	GlobalSection(ExtensibilityGlobals) = postSolution
		SolutionGuid = {A9733954-06C2-48AA-B755-48CC4C18B11B}
	EndGlobalSection
EndGlobal
